
Microsoft Visual Studio Solution File, Format Version 12.00
# Visual Studio 15
VisualStudioVersion = 15.0.28306.52
MinimumVisualStudioVersion = 10.0.40219.1
Project("{9A19103F-16F7-4668-BE54-9A1E7A4F7556}") = "RESTfulODataService", "RESTfulODataService\RESTfulODataService.csproj", "{80798B89-2A14-4278-A981-3D1CEAD93B3C}"
EndProject
Project("{9A19103F-16F7-4668-BE54-9A1E7A4F7556}") = "RESTfulODataService.Tests", "RESTfulODataService.Tests\RESTfulODataService.Tests.csproj", "{5C69EE58-4928-4A30-9D4B-72242EC2F4C4}"
EndProject
Project("{9A19103F-16F7-4668-BE54-9A1E7A4F7556}") = "RESTfulODataService.Sample", "RESTfulODataService.Sample\RESTfulODataService.Sample.csproj", "{D7473E89-D511-4193-981E-2BF17E174562}"
EndProject
Global
	GlobalSection(SolutionConfigurationPlatforms) = preSolution
		Debug|Any CPU = Debug|Any CPU
		Release|Any CPU = Release|Any CPU
	EndGlobalSection
	GlobalSection(ProjectConfigurationPlatforms) = postSolution
		{80798B89-2A14-4278-A981-3D1CEAD93B3C}.Debug|Any CPU.ActiveCfg = Debug|Any CPU
		{80798B89-2A14-4278-A981-3D1CEAD93B3C}.Debug|Any CPU.Build.0 = Debug|Any CPU
		{80798B89-2A14-4278-A981-3D1CEAD93B3C}.Release|Any CPU.ActiveCfg = Release|Any CPU
		{80798B89-2A14-4278-A981-3D1CEAD93B3C}.Release|Any CPU.Build.0 = Release|Any CPU
		{5C69EE58-4928-4A30-9D4B-72242EC2F4C4}.Debug|Any CPU.ActiveCfg = Debug|Any CPU
		{5C69EE58-4928-4A30-9D4B-72242EC2F4C4}.Debug|Any CPU.Build.0 = Debug|Any CPU
		{5C69EE58-4928-4A30-9D4B-72242EC2F4C4}.Release|Any CPU.ActiveCfg = Release|Any CPU
		{5C69EE58-4928-4A30-9D4B-72242EC2F4C4}.Release|Any CPU.Build.0 = Release|Any CPU
		{D7473E89-D511-4193-981E-2BF17E174562}.Debug|Any CPU.ActiveCfg = Debug|Any CPU
		{D7473E89-D511-4193-981E-2BF17E174562}.Debug|Any CPU.Build.0 = Debug|Any CPU
		{D7473E89-D511-4193-981E-2BF17E174562}.Release|Any CPU.ActiveCfg = Release|Any CPU
		{D7473E89-D511-4193-981E-2BF17E174562}.Release|Any CPU.Build.0 = Release|Any CPU
	EndGlobalSection
	GlobalSection(SolutionProperties) = preSolution
		HideSolutionNode = FALSE
	EndGlobalSection
	GlobalSection(ExtensibilityGlobals) = postSolution
		SolutionGuid = {7E7A4A49-2C50-4193-918B-CAE25CFF9E90}
	EndGlobalSection
EndGlobal
